
Microsoft Visual Studio Solution File, Format Version 12.00
# Visual Studio Version 17
VisualStudioVersion = 17.3.32811.315
MinimumVisualStudioVersion = 10.0.40219.1
Project("{FAE04EC0-301F-11D3-BF4B-00C04F79EFBC}") = "Examp_test cSharp", "Buổi 9\Examp_test cSharp.csproj", "{90EAB67A-C634-43C2-8C77-D8F21F89AD74}"
EndProject
Global
	GlobalSection(SolutionConfigurationPlatforms) = preSolution
		Debug|Any CPU = Debug|Any CPU
		Release|Any CPU = Release|Any CPU
	EndGlobalSection
	GlobalSection(ProjectConfigurationPlatforms) = postSolution
		{90EAB67A-C634-43C2-8C77-D8F21F89AD74}.Debug|Any CPU.ActiveCfg = Debug|Any CPU
		{90EAB67A-C634-43C2-8C77-D8F21F89AD74}.Debug|Any CPU.Build.0 = Debug|Any CPU
		{90EAB67A-C634-43C2-8C77-D8F21F89AD74}.Release|Any CPU.ActiveCfg = Release|Any CPU
		{90EAB67A-C634-43C2-8C77-D8F21F89AD74}.Release|Any CPU.Build.0 = Release|Any CPU
	EndGlobalSection
	GlobalSection(SolutionProperties) = preSolution
		HideSolutionNode = FALSE
	EndGlobalSection
	GlobalSection(ExtensibilityGlobals) = postSolution
		SolutionGuid = {6C7D1A93-9BD4-47A5-96B9-4C392449F1B0}
	EndGlobalSection
EndGlobal
