
Microsoft Visual Studio Solution File, Format Version 12.00
# Visual Studio Version 17
VisualStudioVersion = 17.3.32811.315
MinimumVisualStudioVersion = 10.0.40219.1
Project("{FAE04EC0-301F-11D3-BF4B-00C04F79EFBC}") = "Interface_Demo", "Interface_Demo\Interface_Demo.csproj", "{3E4F62E1-1067-404B-AD74-306B822640EE}"
EndProject
Project("{FAE04EC0-301F-11D3-BF4B-00C04F79EFBC}") = "Bai1_HinhHoc", "Bai1_HinhHoc\Bai1_HinhHoc.csproj", "{1B9F9FB6-5C4C-470E-9DE4-914E30AFC077}"
EndProject
Project("{FAE04EC0-301F-11D3-BF4B-00C04F79EFBC}") = "Bai2_IVehicle", "Bai2_IVehicle\Bai2_IVehicle.csproj", "{8456C37B-F6C1-41C9-86BC-19D1C945702F}"
EndProject
Global
	GlobalSection(SolutionConfigurationPlatforms) = preSolution
		Debug|Any CPU = Debug|Any CPU
		Release|Any CPU = Release|Any CPU
	EndGlobalSection
	GlobalSection(ProjectConfigurationPlatforms) = postSolution
		{3E4F62E1-1067-404B-AD74-306B822640EE}.Debug|Any CPU.ActiveCfg = Debug|Any CPU
		{3E4F62E1-1067-404B-AD74-306B822640EE}.Debug|Any CPU.Build.0 = Debug|Any CPU
		{3E4F62E1-1067-404B-AD74-306B822640EE}.Release|Any CPU.ActiveCfg = Release|Any CPU
		{3E4F62E1-1067-404B-AD74-306B822640EE}.Release|Any CPU.Build.0 = Release|Any CPU
		{1B9F9FB6-5C4C-470E-9DE4-914E30AFC077}.Debug|Any CPU.ActiveCfg = Debug|Any CPU
		{1B9F9FB6-5C4C-470E-9DE4-914E30AFC077}.Debug|Any CPU.Build.0 = Debug|Any CPU
		{1B9F9FB6-5C4C-470E-9DE4-914E30AFC077}.Release|Any CPU.ActiveCfg = Release|Any CPU
		{1B9F9FB6-5C4C-470E-9DE4-914E30AFC077}.Release|Any CPU.Build.0 = Release|Any CPU
		{8456C37B-F6C1-41C9-86BC-19D1C945702F}.Debug|Any CPU.ActiveCfg = Debug|Any CPU
		{8456C37B-F6C1-41C9-86BC-19D1C945702F}.Debug|Any CPU.Build.0 = Debug|Any CPU
		{8456C37B-F6C1-41C9-86BC-19D1C945702F}.Release|Any CPU.ActiveCfg = Release|Any CPU
		{8456C37B-F6C1-41C9-86BC-19D1C945702F}.Release|Any CPU.Build.0 = Release|Any CPU
	EndGlobalSection
	GlobalSection(SolutionProperties) = preSolution
		HideSolutionNode = FALSE
	EndGlobalSection
	GlobalSection(ExtensibilityGlobals) = postSolution
		SolutionGuid = {5A172CD0-CFC0-4181-BCD6-967CE9D4831F}
	EndGlobalSection
EndGlobal
